
Microsoft Visual Studio Solution File, Format Version 12.00
# Visual Studio 15
VisualStudioVersion = 15.0.28307.489
MinimumVisualStudioVersion = 10.0.40219.1
Project("{2150E333-8FDC-42A3-9474-1A3956D46DE8}") = "Services", "Services", "{6F9EE40B-A170-4883-9AEE-E67DD957F680}"
EndProject
Project("{2150E333-8FDC-42A3-9474-1A3956D46DE8}") = "Web", "Web", "{8950B549-6096-454D-A139-4EC62E909E86}"
EndProject
Project("{2150E333-8FDC-42A3-9474-1A3956D46DE8}") = "Core", "Core", "{84B6043B-1C50-480E-9199-83B5E5116C6C}"
EndProject
Project("{2150E333-8FDC-42A3-9474-1A3956D46DE8}") = "Repository", "Repository", "{3FF069CF-6873-4ADA-822D-1B27EF3D947B}"
EndProject
Project("{9A19103F-16F7-4668-BE54-9A1E7A4F7556}") = "ITfoxtec.Identity.Saml2", "..\Core\ITfoxtec.Identity.Saml2\ITfoxtec.Identity.Saml2.csproj", "{556ECB6C-A59E-476A-ACBE-B449E1250E30}"
EndProject
Project("{9A19103F-16F7-4668-BE54-9A1E7A4F7556}") = "ITfoxtec.Identity.Saml2.MvcCore", "..\Core\ITfoxtec.Identity.Saml2.MvcCore\ITfoxtec.Identity.Saml2.MvcCore.csproj", "{CCDB8AA4-0AC0-4433-9169-6573CF01AB32}"
EndProject
Project("{9A19103F-16F7-4668-BE54-9A1E7A4F7556}") = "Saml2.Authentication.Core", "..\Core\Saml2.Authentication.Core\Saml2.Authentication.Core.csproj", "{E7F14AEB-1419-4AF9-9D65-487FF7311CCE}"
EndProject
Project("{9A19103F-16F7-4668-BE54-9A1E7A4F7556}") = "CQSAirborne.Data.Contract", "..\Core\CQSAirborne.Data.Contract\CQSAirborne.Data.Contract.csproj", "{3A7EF7A8-922E-46E0-991A-3E186522F341}"
EndProject
Project("{9A19103F-16F7-4668-BE54-9A1E7A4F7556}") = "CQSAirborne.Data.Implementation", "..\Core\CQSAirborne.Data.Implementation\CQSAirborne.Data.Implementation.csproj", "{EE0FDAF2-9B31-44F9-8E54-45D5B3987F78}"
EndProject
Project("{9A19103F-16F7-4668-BE54-9A1E7A4F7556}") = "CQSAirborne.Dependencies", "..\Core\CQSAirborne.Dependencies\CQSAirborne.Dependencies.csproj", "{CA346E93-6F7D-44E4-A5C0-3AAE9BEB2594}"
EndProject
Project("{9A19103F-16F7-4668-BE54-9A1E7A4F7556}") = "CQSAirborne.Domain", "..\Core\CQSAirborne.Domain\CQSAirborne.Domain.csproj", "{6B8EEBC3-C814-49C4-9CB1-896357971212}"
EndProject
Project("{9A19103F-16F7-4668-BE54-9A1E7A4F7556}") = "CQSAirborne.Model", "..\Core\CQSAirborne.Model\CQSAirborne.Model.csproj", "{0CE12670-5DDA-4DC0-8357-3DA7D20D5223}"
EndProject
Project("{9A19103F-16F7-4668-BE54-9A1E7A4F7556}") = "CQSAirborne.Repository.Contract", "..\Core\CQSAirborne.Repository.Contract\CQSAirborne.Repository.Contract.csproj", "{1EC4A20D-EE6C-4E31-BEA5-82276CB38D6B}"
EndProject
Project("{9A19103F-16F7-4668-BE54-9A1E7A4F7556}") = "CQSAirborne.Repository.Implementation", "..\Core\CQSAirborne.Repository.Implementation\CQSAirborne.Repository.Implementation.csproj", "{7EEC182C-AE2A-4959-8F3B-458BB437C305}"
EndProject
Project("{9A19103F-16F7-4668-BE54-9A1E7A4F7556}") = "CQSAirborne.Chroma.Integration.Service", "..\Services\CQSAirborne.Chroma.Integration.Service\CQSAirborne.Chroma.Integration.Service.csproj", "{75E8016E-4FB7-4B3D-8E42-0BFDCBF1E397}"
EndProject
Project("{9A19103F-16F7-4668-BE54-9A1E7A4F7556}") = "CQSAirborne.Services.API", "..\Services\CQSAirborne.Services.API\CQSAirborne.Services.API.csproj", "{179533AC-90F6-4F83-973D-3CF63BD351A4}"
EndProject
Project("{9A19103F-16F7-4668-BE54-9A1E7A4F7556}") = "CQSAirborne.Services.Contract", "..\Services\CQSAirborne.Services.Contract\CQSAirborne.Services.Contract.csproj", "{E3568431-0E9A-463D-9D15-69C956C22CA0}"
EndProject
Project("{9A19103F-16F7-4668-BE54-9A1E7A4F7556}") = "CQSAirborne.Services.Implementation", "..\Services\CQSAirborne.Services.Implementation\CQSAirborne.Services.Implementation.csproj", "{FDAD2BDE-4FAD-4DA3-B865-CA891C00DBF3}"
EndProject
Project("{9A19103F-16F7-4668-BE54-9A1E7A4F7556}") = "CQSAirborne.Web.Infrastructure", "..\Web\CQSAirborne.Web.Infrastructure\CQSAirborne.Web.Infrastructure.csproj", "{03B31249-0200-4F97-8D03-E8CDD99ACB04}"
EndProject
Project("{9A19103F-16F7-4668-BE54-9A1E7A4F7556}") = "CQSAirborne.Web.Mvc", "..\Web\CQSAirborne.Web.Mvc\CQSAirborne.Web.Mvc.csproj", "{1F014504-107E-4AD8-B423-ECC1A118AA71}"
EndProject
Project("{FAE04EC0-301F-11D3-BF4B-00C04F79EFBC}") = "CQS.PdfProvider.Service", "..\Core\CQSAirborne.PdfProvider.Service\CQS.PdfProvider.Service.csproj", "{CA0AAC1A-A03A-4B78-B90E-AAE9390A31C9}"
EndProject
Global
	GlobalSection(SolutionConfigurationPlatforms) = preSolution
		Debug|Any CPU = Debug|Any CPU
		Debug|x64 = Debug|x64
		Debug|x86 = Debug|x86
		Release|Any CPU = Release|Any CPU
		Release|x64 = Release|x64
		Release|x86 = Release|x86
	EndGlobalSection
	GlobalSection(ProjectConfigurationPlatforms) = postSolution
		{556ECB6C-A59E-476A-ACBE-B449E1250E30}.Debug|Any CPU.ActiveCfg = Debug|Any CPU
		{556ECB6C-A59E-476A-ACBE-B449E1250E30}.Debug|Any CPU.Build.0 = Debug|Any CPU
		{556ECB6C-A59E-476A-ACBE-B449E1250E30}.Debug|x64.ActiveCfg = Debug|Any CPU
		{556ECB6C-A59E-476A-ACBE-B449E1250E30}.Debug|x64.Build.0 = Debug|Any CPU
		{556ECB6C-A59E-476A-ACBE-B449E1250E30}.Debug|x86.ActiveCfg = Debug|Any CPU
		{556ECB6C-A59E-476A-ACBE-B449E1250E30}.Debug|x86.Build.0 = Debug|Any CPU
		{556ECB6C-A59E-476A-ACBE-B449E1250E30}.Release|Any CPU.ActiveCfg = Release|Any CPU
		{556ECB6C-A59E-476A-ACBE-B449E1250E30}.Release|Any CPU.Build.0 = Release|Any CPU
		{556ECB6C-A59E-476A-ACBE-B449E1250E30}.Release|x64.ActiveCfg = Release|Any CPU
		{556ECB6C-A59E-476A-ACBE-B449E1250E30}.Release|x64.Build.0 = Release|Any CPU
		{556ECB6C-A59E-476A-ACBE-B449E1250E30}.Release|x86.ActiveCfg = Release|Any CPU
		{556ECB6C-A59E-476A-ACBE-B449E1250E30}.Release|x86.Build.0 = Release|Any CPU
		{CCDB8AA4-0AC0-4433-9169-6573CF01AB32}.Debug|Any CPU.ActiveCfg = Debug|Any CPU
		{CCDB8AA4-0AC0-4433-9169-6573CF01AB32}.Debug|Any CPU.Build.0 = Debug|Any CPU
		{CCDB8AA4-0AC0-4433-9169-6573CF01AB32}.Debug|x64.ActiveCfg = Debug|Any CPU
		{CCDB8AA4-0AC0-4433-9169-6573CF01AB32}.Debug|x64.Build.0 = Debug|Any CPU
		{CCDB8AA4-0AC0-4433-9169-6573CF01AB32}.Debug|x86.ActiveCfg = Debug|Any CPU
		{CCDB8AA4-0AC0-4433-9169-6573CF01AB32}.Debug|x86.Build.0 = Debug|Any CPU
		{CCDB8AA4-0AC0-4433-9169-6573CF01AB32}.Release|Any CPU.ActiveCfg = Release|Any CPU
		{CCDB8AA4-0AC0-4433-9169-6573CF01AB32}.Release|Any CPU.Build.0 = Release|Any CPU
		{CCDB8AA4-0AC0-4433-9169-6573CF01AB32}.Release|x64.ActiveCfg = Release|Any CPU
		{CCDB8AA4-0AC0-4433-9169-6573CF01AB32}.Release|x64.Build.0 = Release|Any CPU
		{CCDB8AA4-0AC0-4433-9169-6573CF01AB32}.Release|x86.ActiveCfg = Release|Any CPU
		{CCDB8AA4-0AC0-4433-9169-6573CF01AB32}.Release|x86.Build.0 = Release|Any CPU
		{E7F14AEB-1419-4AF9-9D65-487FF7311CCE}.Debug|Any CPU.ActiveCfg = Debug|Any CPU
		{E7F14AEB-1419-4AF9-9D65-487FF7311CCE}.Debug|Any CPU.Build.0 = Debug|Any CPU
		{E7F14AEB-1419-4AF9-9D65-487FF7311CCE}.Debug|x64.ActiveCfg = Debug|Any CPU
		{E7F14AEB-1419-4AF9-9D65-487FF7311CCE}.Debug|x64.Build.0 = Debug|Any CPU
		{E7F14AEB-1419-4AF9-9D65-487FF7311CCE}.Debug|x86.ActiveCfg = Debug|Any CPU
		{E7F14AEB-1419-4AF9-9D65-487FF7311CCE}.Debug|x86.Build.0 = Debug|Any CPU
		{E7F14AEB-1419-4AF9-9D65-487FF7311CCE}.Release|Any CPU.ActiveCfg = Release|Any CPU
		{E7F14AEB-1419-4AF9-9D65-487FF7311CCE}.Release|Any CPU.Build.0 = Release|Any CPU
		{E7F14AEB-1419-4AF9-9D65-487FF7311CCE}.Release|x64.ActiveCfg = Release|Any CPU
		{E7F14AEB-1419-4AF9-9D65-487FF7311CCE}.Release|x64.Build.0 = Release|Any CPU
		{E7F14AEB-1419-4AF9-9D65-487FF7311CCE}.Release|x86.ActiveCfg = Release|Any CPU
		{E7F14AEB-1419-4AF9-9D65-487FF7311CCE}.Release|x86.Build.0 = Release|Any CPU
		{3A7EF7A8-922E-46E0-991A-3E186522F341}.Debug|Any CPU.ActiveCfg = Debug|Any CPU
		{3A7EF7A8-922E-46E0-991A-3E186522F341}.Debug|Any CPU.Build.0 = Debug|Any CPU
		{3A7EF7A8-922E-46E0-991A-3E186522F341}.Debug|x64.ActiveCfg = Debug|Any CPU
		{3A7EF7A8-922E-46E0-991A-3E186522F341}.Debug|x64.Build.0 = Debug|Any CPU
		{3A7EF7A8-922E-46E0-991A-3E186522F341}.Debug|x86.ActiveCfg = Debug|Any CPU
		{3A7EF7A8-922E-46E0-991A-3E186522F341}.Debug|x86.Build.0 = Debug|Any CPU
		{3A7EF7A8-922E-46E0-991A-3E186522F341}.Release|Any CPU.ActiveCfg = Release|Any CPU
		{3A7EF7A8-922E-46E0-991A-3E186522F341}.Release|Any CPU.Build.0 = Release|Any CPU
		{3A7EF7A8-922E-46E0-991A-3E186522F341}.Release|x64.ActiveCfg = Release|Any CPU
		{3A7EF7A8-922E-46E0-991A-3E186522F341}.Release|x64.Build.0 = Release|Any CPU
		{3A7EF7A8-922E-46E0-991A-3E186522F341}.Release|x86.ActiveCfg = Release|Any CPU
		{3A7EF7A8-922E-46E0-991A-3E186522F341}.Release|x86.Build.0 = Release|Any CPU
		{EE0FDAF2-9B31-44F9-8E54-45D5B3987F78}.Debug|Any CPU.ActiveCfg = Debug|Any CPU
		{EE0FDAF2-9B31-44F9-8E54-45D5B3987F78}.Debug|Any CPU.Build.0 = Debug|Any CPU
		{EE0FDAF2-9B31-44F9-8E54-45D5B3987F78}.Debug|x64.ActiveCfg = Debug|Any CPU
		{EE0FDAF2-9B31-44F9-8E54-45D5B3987F78}.Debug|x64.Build.0 = Debug|Any CPU
		{EE0FDAF2-9B31-44F9-8E54-45D5B3987F78}.Debug|x86.ActiveCfg = Debug|Any CPU
		{EE0FDAF2-9B31-44F9-8E54-45D5B3987F78}.Debug|x86.Build.0 = Debug|Any CPU
		{EE0FDAF2-9B31-44F9-8E54-45D5B3987F78}.Release|Any CPU.ActiveCfg = Release|Any CPU
		{EE0FDAF2-9B31-44F9-8E54-45D5B3987F78}.Release|Any CPU.Build.0 = Release|Any CPU
		{EE0FDAF2-9B31-44F9-8E54-45D5B3987F78}.Release|x64.ActiveCfg = Release|Any CPU
		{EE0FDAF2-9B31-44F9-8E54-45D5B3987F78}.Release|x64.Build.0 = Release|Any CPU
		{EE0FDAF2-9B31-44F9-8E54-45D5B3987F78}.Release|x86.ActiveCfg = Release|Any CPU
		{EE0FDAF2-9B31-44F9-8E54-45D5B3987F78}.Release|x86.Build.0 = Release|Any CPU
		{CA346E93-6F7D-44E4-A5C0-3AAE9BEB2594}.Debug|Any CPU.ActiveCfg = Debug|Any CPU
		{CA346E93-6F7D-44E4-A5C0-3AAE9BEB2594}.Debug|Any CPU.Build.0 = Debug|Any CPU
		{CA346E93-6F7D-44E4-A5C0-3AAE9BEB2594}.Debug|x64.ActiveCfg = Debug|Any CPU
		{CA346E93-6F7D-44E4-A5C0-3AAE9BEB2594}.Debug|x64.Build.0 = Debug|Any CPU
		{CA346E93-6F7D-44E4-A5C0-3AAE9BEB2594}.Debug|x86.ActiveCfg = Debug|Any CPU
		{CA346E93-6F7D-44E4-A5C0-3AAE9BEB2594}.Debug|x86.Build.0 = Debug|Any CPU
		{CA346E93-6F7D-44E4-A5C0-3AAE9BEB2594}.Release|Any CPU.ActiveCfg = Release|Any CPU
		{CA346E93-6F7D-44E4-A5C0-3AAE9BEB2594}.Release|Any CPU.Build.0 = Release|Any CPU
		{CA346E93-6F7D-44E4-A5C0-3AAE9BEB2594}.Release|x64.ActiveCfg = Release|Any CPU
		{CA346E93-6F7D-44E4-A5C0-3AAE9BEB2594}.Release|x64.Build.0 = Release|Any CPU
		{CA346E93-6F7D-44E4-A5C0-3AAE9BEB2594}.Release|x86.ActiveCfg = Release|Any CPU
		{CA346E93-6F7D-44E4-A5C0-3AAE9BEB2594}.Release|x86.Build.0 = Release|Any CPU
		{6B8EEBC3-C814-49C4-9CB1-896357971212}.Debug|Any CPU.ActiveCfg = Debug|Any CPU
		{6B8EEBC3-C814-49C4-9CB1-896357971212}.Debug|Any CPU.Build.0 = Debug|Any CPU
		{6B8EEBC3-C814-49C4-9CB1-896357971212}.Debug|x64.ActiveCfg = Debug|Any CPU
		{6B8EEBC3-C814-49C4-9CB1-896357971212}.Debug|x64.Build.0 = Debug|Any CPU
		{6B8EEBC3-C814-49C4-9CB1-896357971212}.Debug|x86.ActiveCfg = Debug|Any CPU
		{6B8EEBC3-C814-49C4-9CB1-896357971212}.Debug|x86.Build.0 = Debug|Any CPU
		{6B8EEBC3-C814-49C4-9CB1-896357971212}.Release|Any CPU.ActiveCfg = Release|Any CPU
		{6B8EEBC3-C814-49C4-9CB1-896357971212}.Release|Any CPU.Build.0 = Release|Any CPU
		{6B8EEBC3-C814-49C4-9CB1-896357971212}.Release|x64.ActiveCfg = Release|Any CPU
		{6B8EEBC3-C814-49C4-9CB1-896357971212}.Release|x64.Build.0 = Release|Any CPU
		{6B8EEBC3-C814-49C4-9CB1-896357971212}.Release|x86.ActiveCfg = Release|Any CPU
		{6B8EEBC3-C814-49C4-9CB1-896357971212}.Release|x86.Build.0 = Release|Any CPU
		{0CE12670-5DDA-4DC0-8357-3DA7D20D5223}.Debug|Any CPU.ActiveCfg = Debug|Any CPU
		{0CE12670-5DDA-4DC0-8357-3DA7D20D5223}.Debug|Any CPU.Build.0 = Debug|Any CPU
		{0CE12670-5DDA-4DC0-8357-3DA7D20D5223}.Debug|x64.ActiveCfg = Debug|Any CPU
		{0CE12670-5DDA-4DC0-8357-3DA7D20D5223}.Debug|x64.Build.0 = Debug|Any CPU
		{0CE12670-5DDA-4DC0-8357-3DA7D20D5223}.Debug|x86.ActiveCfg = Debug|Any CPU
		{0CE12670-5DDA-4DC0-8357-3DA7D20D5223}.Debug|x86.Build.0 = Debug|Any CPU
		{0CE12670-5DDA-4DC0-8357-3DA7D20D5223}.Release|Any CPU.ActiveCfg = Release|Any CPU
		{0CE12670-5DDA-4DC0-8357-3DA7D20D5223}.Release|Any CPU.Build.0 = Release|Any CPU
		{0CE12670-5DDA-4DC0-8357-3DA7D20D5223}.Release|x64.ActiveCfg = Release|Any CPU
		{0CE12670-5DDA-4DC0-8357-3DA7D20D5223}.Release|x64.Build.0 = Release|Any CPU
		{0CE12670-5DDA-4DC0-8357-3DA7D20D5223}.Release|x86.ActiveCfg = Release|Any CPU
		{0CE12670-5DDA-4DC0-8357-3DA7D20D5223}.Release|x86.Build.0 = Release|Any CPU
		{1EC4A20D-EE6C-4E31-BEA5-82276CB38D6B}.Debug|Any CPU.ActiveCfg = Debug|Any CPU
		{1EC4A20D-EE6C-4E31-BEA5-82276CB38D6B}.Debug|Any CPU.Build.0 = Debug|Any CPU
		{1EC4A20D-EE6C-4E31-BEA5-82276CB38D6B}.Debug|x64.ActiveCfg = Debug|Any CPU
		{1EC4A20D-EE6C-4E31-BEA5-82276CB38D6B}.Debug|x64.Build.0 = Debug|Any CPU
		{1EC4A20D-EE6C-4E31-BEA5-82276CB38D6B}.Debug|x86.ActiveCfg = Debug|Any CPU
		{1EC4A20D-EE6C-4E31-BEA5-82276CB38D6B}.Debug|x86.Build.0 = Debug|Any CPU
		{1EC4A20D-EE6C-4E31-BEA5-82276CB38D6B}.Release|Any CPU.ActiveCfg = Release|Any CPU
		{1EC4A20D-EE6C-4E31-BEA5-82276CB38D6B}.Release|Any CPU.Build.0 = Release|Any CPU
		{1EC4A20D-EE6C-4E31-BEA5-82276CB38D6B}.Release|x64.ActiveCfg = Release|Any CPU
		{1EC4A20D-EE6C-4E31-BEA5-82276CB38D6B}.Release|x64.Build.0 = Release|Any CPU
		{1EC4A20D-EE6C-4E31-BEA5-82276CB38D6B}.Release|x86.ActiveCfg = Release|Any CPU
		{1EC4A20D-EE6C-4E31-BEA5-82276CB38D6B}.Release|x86.Build.0 = Release|Any CPU
		{7EEC182C-AE2A-4959-8F3B-458BB437C305}.Debug|Any CPU.ActiveCfg = Debug|Any CPU
		{7EEC182C-AE2A-4959-8F3B-458BB437C305}.Debug|Any CPU.Build.0 = Debug|Any CPU
		{7EEC182C-AE2A-4959-8F3B-458BB437C305}.Debug|x64.ActiveCfg = Debug|Any CPU
		{7EEC182C-AE2A-4959-8F3B-458BB437C305}.Debug|x64.Build.0 = Debug|Any CPU
		{7EEC182C-AE2A-4959-8F3B-458BB437C305}.Debug|x86.ActiveCfg = Debug|Any CPU
		{7EEC182C-AE2A-4959-8F3B-458BB437C305}.Debug|x86.Build.0 = Debug|Any CPU
		{7EEC182C-AE2A-4959-8F3B-458BB437C305}.Release|Any CPU.ActiveCfg = Release|Any CPU
		{7EEC182C-AE2A-4959-8F3B-458BB437C305}.Release|Any CPU.Build.0 = Release|Any CPU
		{7EEC182C-AE2A-4959-8F3B-458BB437C305}.Release|x64.ActiveCfg = Release|Any CPU
		{7EEC182C-AE2A-4959-8F3B-458BB437C305}.Release|x64.Build.0 = Release|Any CPU
		{7EEC182C-AE2A-4959-8F3B-458BB437C305}.Release|x86.ActiveCfg = Release|Any CPU
		{7EEC182C-AE2A-4959-8F3B-458BB437C305}.Release|x86.Build.0 = Release|Any CPU
		{75E8016E-4FB7-4B3D-8E42-0BFDCBF1E397}.Debug|Any CPU.ActiveCfg = Debug|Any CPU
		{75E8016E-4FB7-4B3D-8E42-0BFDCBF1E397}.Debug|Any CPU.Build.0 = Debug|Any CPU
		{75E8016E-4FB7-4B3D-8E42-0BFDCBF1E397}.Debug|x64.ActiveCfg = Debug|Any CPU
		{75E8016E-4FB7-4B3D-8E42-0BFDCBF1E397}.Debug|x64.Build.0 = Debug|Any CPU
		{75E8016E-4FB7-4B3D-8E42-0BFDCBF1E397}.Debug|x86.ActiveCfg = Debug|Any CPU
		{75E8016E-4FB7-4B3D-8E42-0BFDCBF1E397}.Debug|x86.Build.0 = Debug|Any CPU
		{75E8016E-4FB7-4B3D-8E42-0BFDCBF1E397}.Release|Any CPU.ActiveCfg = Release|Any CPU
		{75E8016E-4FB7-4B3D-8E42-0BFDCBF1E397}.Release|Any CPU.Build.0 = Release|Any CPU
		{75E8016E-4FB7-4B3D-8E42-0BFDCBF1E397}.Release|x64.ActiveCfg = Release|Any CPU
		{75E8016E-4FB7-4B3D-8E42-0BFDCBF1E397}.Release|x64.Build.0 = Release|Any CPU
		{75E8016E-4FB7-4B3D-8E42-0BFDCBF1E397}.Release|x86.ActiveCfg = Release|Any CPU
		{75E8016E-4FB7-4B3D-8E42-0BFDCBF1E397}.Release|x86.Build.0 = Release|Any CPU
		{179533AC-90F6-4F83-973D-3CF63BD351A4}.Debug|Any CPU.ActiveCfg = Debug|Any CPU
		{179533AC-90F6-4F83-973D-3CF63BD351A4}.Debug|Any CPU.Build.0 = Debug|Any CPU
		{179533AC-90F6-4F83-973D-3CF63BD351A4}.Debug|x64.ActiveCfg = Debug|x64
		{179533AC-90F6-4F83-973D-3CF63BD351A4}.Debug|x64.Build.0 = Debug|x64
		{179533AC-90F6-4F83-973D-3CF63BD351A4}.Debug|x86.ActiveCfg = Debug|x86
		{179533AC-90F6-4F83-973D-3CF63BD351A4}.Debug|x86.Build.0 = Debug|x86
		{179533AC-90F6-4F83-973D-3CF63BD351A4}.Release|Any CPU.ActiveCfg = Release|Any CPU
		{179533AC-90F6-4F83-973D-3CF63BD351A4}.Release|Any CPU.Build.0 = Release|Any CPU
		{179533AC-90F6-4F83-973D-3CF63BD351A4}.Release|x64.ActiveCfg = Release|x64
		{179533AC-90F6-4F83-973D-3CF63BD351A4}.Release|x64.Build.0 = Release|x64
		{179533AC-90F6-4F83-973D-3CF63BD351A4}.Release|x86.ActiveCfg = Release|x86
		{179533AC-90F6-4F83-973D-3CF63BD351A4}.Release|x86.Build.0 = Release|x86
		{E3568431-0E9A-463D-9D15-69C956C22CA0}.Debug|Any CPU.ActiveCfg = Debug|Any CPU
		{E3568431-0E9A-463D-9D15-69C956C22CA0}.Debug|Any CPU.Build.0 = Debug|Any CPU
		{E3568431-0E9A-463D-9D15-69C956C22CA0}.Debug|x64.ActiveCfg = Debug|Any CPU
		{E3568431-0E9A-463D-9D15-69C956C22CA0}.Debug|x64.Build.0 = Debug|Any CPU
		{E3568431-0E9A-463D-9D15-69C956C22CA0}.Debug|x86.ActiveCfg = Debug|Any CPU
		{E3568431-0E9A-463D-9D15-69C956C22CA0}.Debug|x86.Build.0 = Debug|Any CPU
		{E3568431-0E9A-463D-9D15-69C956C22CA0}.Release|Any CPU.ActiveCfg = Release|Any CPU
		{E3568431-0E9A-463D-9D15-69C956C22CA0}.Release|Any CPU.Build.0 = Release|Any CPU
		{E3568431-0E9A-463D-9D15-69C956C22CA0}.Release|x64.ActiveCfg = Release|Any CPU
		{E3568431-0E9A-463D-9D15-69C956C22CA0}.Release|x64.Build.0 = Release|Any CPU
		{E3568431-0E9A-463D-9D15-69C956C22CA0}.Release|x86.ActiveCfg = Release|Any CPU
		{E3568431-0E9A-463D-9D15-69C956C22CA0}.Release|x86.Build.0 = Release|Any CPU
		{FDAD2BDE-4FAD-4DA3-B865-CA891C00DBF3}.Debug|Any CPU.ActiveCfg = Debug|Any CPU
		{FDAD2BDE-4FAD-4DA3-B865-CA891C00DBF3}.Debug|Any CPU.Build.0 = Debug|Any CPU
		{FDAD2BDE-4FAD-4DA3-B865-CA891C00DBF3}.Debug|x64.ActiveCfg = Debug|Any CPU
		{FDAD2BDE-4FAD-4DA3-B865-CA891C00DBF3}.Debug|x64.Build.0 = Debug|Any CPU
		{FDAD2BDE-4FAD-4DA3-B865-CA891C00DBF3}.Debug|x86.ActiveCfg = Debug|Any CPU
		{FDAD2BDE-4FAD-4DA3-B865-CA891C00DBF3}.Debug|x86.Build.0 = Debug|Any CPU
		{FDAD2BDE-4FAD-4DA3-B865-CA891C00DBF3}.Release|Any CPU.ActiveCfg = Release|Any CPU
		{FDAD2BDE-4FAD-4DA3-B865-CA891C00DBF3}.Release|Any CPU.Build.0 = Release|Any CPU
		{FDAD2BDE-4FAD-4DA3-B865-CA891C00DBF3}.Release|x64.ActiveCfg = Release|Any CPU
		{FDAD2BDE-4FAD-4DA3-B865-CA891C00DBF3}.Release|x64.Build.0 = Release|Any CPU
		{FDAD2BDE-4FAD-4DA3-B865-CA891C00DBF3}.Release|x86.ActiveCfg = Release|Any CPU
		{FDAD2BDE-4FAD-4DA3-B865-CA891C00DBF3}.Release|x86.Build.0 = Release|Any CPU
		{03B31249-0200-4F97-8D03-E8CDD99ACB04}.Debug|Any CPU.ActiveCfg = Debug|Any CPU
		{03B31249-0200-4F97-8D03-E8CDD99ACB04}.Debug|Any CPU.Build.0 = Debug|Any CPU
		{03B31249-0200-4F97-8D03-E8CDD99ACB04}.Debug|x64.ActiveCfg = Debug|Any CPU
		{03B31249-0200-4F97-8D03-E8CDD99ACB04}.Debug|x64.Build.0 = Debug|Any CPU
		{03B31249-0200-4F97-8D03-E8CDD99ACB04}.Debug|x86.ActiveCfg = Debug|Any CPU
		{03B31249-0200-4F97-8D03-E8CDD99ACB04}.Debug|x86.Build.0 = Debug|Any CPU
		{03B31249-0200-4F97-8D03-E8CDD99ACB04}.Release|Any CPU.ActiveCfg = Release|Any CPU
		{03B31249-0200-4F97-8D03-E8CDD99ACB04}.Release|Any CPU.Build.0 = Release|Any CPU
		{03B31249-0200-4F97-8D03-E8CDD99ACB04}.Release|x64.ActiveCfg = Release|Any CPU
		{03B31249-0200-4F97-8D03-E8CDD99ACB04}.Release|x64.Build.0 = Release|Any CPU
		{03B31249-0200-4F97-8D03-E8CDD99ACB04}.Release|x86.ActiveCfg = Release|Any CPU
		{03B31249-0200-4F97-8D03-E8CDD99ACB04}.Release|x86.Build.0 = Release|Any CPU
		{1F014504-107E-4AD8-B423-ECC1A118AA71}.Debug|Any CPU.ActiveCfg = Debug|Any CPU
		{1F014504-107E-4AD8-B423-ECC1A118AA71}.Debug|Any CPU.Build.0 = Debug|Any CPU
		{1F014504-107E-4AD8-B423-ECC1A118AA71}.Debug|x64.ActiveCfg = Debug|Any CPU
		{1F014504-107E-4AD8-B423-ECC1A118AA71}.Debug|x64.Build.0 = Debug|Any CPU
		{1F014504-107E-4AD8-B423-ECC1A118AA71}.Debug|x86.ActiveCfg = Debug|Any CPU
		{1F014504-107E-4AD8-B423-ECC1A118AA71}.Debug|x86.Build.0 = Debug|Any CPU
		{1F014504-107E-4AD8-B423-ECC1A118AA71}.Release|Any CPU.ActiveCfg = Release|Any CPU
		{1F014504-107E-4AD8-B423-ECC1A118AA71}.Release|Any CPU.Build.0 = Release|Any CPU
		{1F014504-107E-4AD8-B423-ECC1A118AA71}.Release|x64.ActiveCfg = Release|Any CPU
		{1F014504-107E-4AD8-B423-ECC1A118AA71}.Release|x64.Build.0 = Release|Any CPU
		{1F014504-107E-4AD8-B423-ECC1A118AA71}.Release|x86.ActiveCfg = Release|Any CPU
		{1F014504-107E-4AD8-B423-ECC1A118AA71}.Release|x86.Build.0 = Release|Any CPU
		{CA0AAC1A-A03A-4B78-B90E-AAE9390A31C9}.Debug|Any CPU.ActiveCfg = Debug|Any CPU
		{CA0AAC1A-A03A-4B78-B90E-AAE9390A31C9}.Debug|Any CPU.Build.0 = Debug|Any CPU
		{CA0AAC1A-A03A-4B78-B90E-AAE9390A31C9}.Debug|x64.ActiveCfg = Debug|x64
		{CA0AAC1A-A03A-4B78-B90E-AAE9390A31C9}.Debug|x64.Build.0 = Debug|x64
		{CA0AAC1A-A03A-4B78-B90E-AAE9390A31C9}.Debug|x86.ActiveCfg = Debug|x86
		{CA0AAC1A-A03A-4B78-B90E-AAE9390A31C9}.Debug|x86.Build.0 = Debug|x86
		{CA0AAC1A-A03A-4B78-B90E-AAE9390A31C9}.Release|Any CPU.ActiveCfg = Release|Any CPU
		{CA0AAC1A-A03A-4B78-B90E-AAE9390A31C9}.Release|Any CPU.Build.0 = Release|Any CPU
		{CA0AAC1A-A03A-4B78-B90E-AAE9390A31C9}.Release|x64.ActiveCfg = Release|x64
		{CA0AAC1A-A03A-4B78-B90E-AAE9390A31C9}.Release|x64.Build.0 = Release|x64
		{CA0AAC1A-A03A-4B78-B90E-AAE9390A31C9}.Release|x86.ActiveCfg = Release|x86
		{CA0AAC1A-A03A-4B78-B90E-AAE9390A31C9}.Release|x86.Build.0 = Release|x86
	EndGlobalSection
	GlobalSection(SolutionProperties) = preSolution
		HideSolutionNode = FALSE
	EndGlobalSection
	GlobalSection(NestedProjects) = preSolution
		{556ECB6C-A59E-476A-ACBE-B449E1250E30} = {84B6043B-1C50-480E-9199-83B5E5116C6C}
		{CCDB8AA4-0AC0-4433-9169-6573CF01AB32} = {84B6043B-1C50-480E-9199-83B5E5116C6C}
		{E7F14AEB-1419-4AF9-9D65-487FF7311CCE} = {84B6043B-1C50-480E-9199-83B5E5116C6C}
		{3A7EF7A8-922E-46E0-991A-3E186522F341} = {84B6043B-1C50-480E-9199-83B5E5116C6C}
		{EE0FDAF2-9B31-44F9-8E54-45D5B3987F78} = {84B6043B-1C50-480E-9199-83B5E5116C6C}
		{CA346E93-6F7D-44E4-A5C0-3AAE9BEB2594} = {84B6043B-1C50-480E-9199-83B5E5116C6C}
		{6B8EEBC3-C814-49C4-9CB1-896357971212} = {84B6043B-1C50-480E-9199-83B5E5116C6C}
		{0CE12670-5DDA-4DC0-8357-3DA7D20D5223} = {84B6043B-1C50-480E-9199-83B5E5116C6C}
		{1EC4A20D-EE6C-4E31-BEA5-82276CB38D6B} = {3FF069CF-6873-4ADA-822D-1B27EF3D947B}
		{7EEC182C-AE2A-4959-8F3B-458BB437C305} = {3FF069CF-6873-4ADA-822D-1B27EF3D947B}
		{75E8016E-4FB7-4B3D-8E42-0BFDCBF1E397} = {6F9EE40B-A170-4883-9AEE-E67DD957F680}
		{179533AC-90F6-4F83-973D-3CF63BD351A4} = {6F9EE40B-A170-4883-9AEE-E67DD957F680}
		{E3568431-0E9A-463D-9D15-69C956C22CA0} = {6F9EE40B-A170-4883-9AEE-E67DD957F680}
		{FDAD2BDE-4FAD-4DA3-B865-CA891C00DBF3} = {6F9EE40B-A170-4883-9AEE-E67DD957F680}
		{03B31249-0200-4F97-8D03-E8CDD99ACB04} = {8950B549-6096-454D-A139-4EC62E909E86}
		{1F014504-107E-4AD8-B423-ECC1A118AA71} = {8950B549-6096-454D-A139-4EC62E909E86}
		{CA0AAC1A-A03A-4B78-B90E-AAE9390A31C9} = {6F9EE40B-A170-4883-9AEE-E67DD957F680}
	EndGlobalSection
	GlobalSection(ExtensibilityGlobals) = postSolution
		SolutionGuid = {D6A17368-99D3-4CB3-9648-829DC6AB1B46}
	EndGlobalSection
EndGlobal
